
Microsoft Visual Studio Solution File, Format Version 12.00
# Visual Studio Version 16
VisualStudioVersion = 25.0.1704.5
MinimumVisualStudioVersion = 10.0.40219.1
Project("{FAE04EC0-301F-11D3-BF4B-00C04F79EFBC}") = "EntityFrameworkCore", "EntityFrameworkCore\EntityFrameworkCore.csproj", "{76631F85-0B62-483B-86C0-A7FDA9EFCA52}"
EndProject
Global
	GlobalSection(SolutionConfigurationPlatforms) = preSolution
		Debug|Any CPU = Debug|Any CPU
		Release|Any CPU = Release|Any CPU
	EndGlobalSection
	GlobalSection(ProjectConfigurationPlatforms) = postSolution
		{76631F85-0B62-483B-86C0-A7FDA9EFCA52}.Debug|Any CPU.ActiveCfg = Debug|Any CPU
		{76631F85-0B62-483B-86C0-A7FDA9EFCA52}.Debug|Any CPU.Build.0 = Debug|Any CPU
		{76631F85-0B62-483B-86C0-A7FDA9EFCA52}.Release|Any CPU.ActiveCfg = Release|Any CPU
		{76631F85-0B62-483B-86C0-A7FDA9EFCA52}.Release|Any CPU.Build.0 = Release|Any CPU
	EndGlobalSection
	GlobalSection(SolutionProperties) = preSolution
		HideSolutionNode = FALSE
	EndGlobalSection
	GlobalSection(ExtensibilityGlobals) = postSolution
		SolutionGuid = {33E41F12-8416-476A-9E74-9CB88DF464CD}
	EndGlobalSection
EndGlobal
